
Microsoft Visual Studio Solution File, Format Version 12.00
# Visual Studio Version 17
VisualStudioVersion = 17.4.33213.308
MinimumVisualStudioVersion = 10.0.40219.1
Project("{FAE04EC0-301F-11D3-BF4B-00C04F79EFBC}") = "WebAPI", "WebAPI\WebAPI.csproj", "{41C8D0DC-27C9-42B2-8E83-1B6773085151}"
EndProject
Project("{FAE04EC0-301F-11D3-BF4B-00C04F79EFBC}") = "Data", "Data\Data.csproj", "{0D6AC622-99F9-47ED-8C1D-59D253C9F19E}"
EndProject
Global
	GlobalSection(SolutionConfigurationPlatforms) = preSolution
		Debug|Any CPU = Debug|Any CPU
		Release|Any CPU = Release|Any CPU
	EndGlobalSection
	GlobalSection(ProjectConfigurationPlatforms) = postSolution
		{41C8D0DC-27C9-42B2-8E83-1B6773085151}.Debug|Any CPU.ActiveCfg = Debug|Any CPU
		{41C8D0DC-27C9-42B2-8E83-1B6773085151}.Debug|Any CPU.Build.0 = Debug|Any CPU
		{41C8D0DC-27C9-42B2-8E83-1B6773085151}.Release|Any CPU.ActiveCfg = Release|Any CPU
		{41C8D0DC-27C9-42B2-8E83-1B6773085151}.Release|Any CPU.Build.0 = Release|Any CPU
		{0D6AC622-99F9-47ED-8C1D-59D253C9F19E}.Debug|Any CPU.ActiveCfg = Debug|Any CPU
		{0D6AC622-99F9-47ED-8C1D-59D253C9F19E}.Debug|Any CPU.Build.0 = Debug|Any CPU
		{0D6AC622-99F9-47ED-8C1D-59D253C9F19E}.Release|Any CPU.ActiveCfg = Release|Any CPU
		{0D6AC622-99F9-47ED-8C1D-59D253C9F19E}.Release|Any CPU.Build.0 = Release|Any CPU
	EndGlobalSection
	GlobalSection(SolutionProperties) = preSolution
		HideSolutionNode = FALSE
	EndGlobalSection
	GlobalSection(ExtensibilityGlobals) = postSolution
		SolutionGuid = {2F91F279-FC8A-4483-9F8A-7FB92B821B93}
	EndGlobalSection
EndGlobal
